
Microsoft Visual Studio Solution File, Format Version 12.00
# Visual Studio Version 16
VisualStudioVersion = 16.0.31005.135
MinimumVisualStudioVersion = 10.0.40219.1
Project("{FAE04EC0-301F-11D3-BF4B-00C04F79EFBC}") = "BDD PIA E4", "BDD PIA E4\BDD PIA E4.csproj", "{24101069-382B-4BED-8645-0870DEB4202E}"
EndProject
Project("{FAE04EC0-301F-11D3-BF4B-00C04F79EFBC}") = "CshaepBDD", "..\Jasso\CshaepBDD\CshaepBDD.csproj", "{01C3C5D5-F797-4687-9661-A88B2241A3F2}"
EndProject
Global
	GlobalSection(SolutionConfigurationPlatforms) = preSolution
		Debug|Any CPU = Debug|Any CPU
		Release|Any CPU = Release|Any CPU
	EndGlobalSection
	GlobalSection(ProjectConfigurationPlatforms) = postSolution
		{24101069-382B-4BED-8645-0870DEB4202E}.Debug|Any CPU.ActiveCfg = Debug|Any CPU
		{24101069-382B-4BED-8645-0870DEB4202E}.Debug|Any CPU.Build.0 = Debug|Any CPU
		{24101069-382B-4BED-8645-0870DEB4202E}.Release|Any CPU.ActiveCfg = Release|Any CPU
		{24101069-382B-4BED-8645-0870DEB4202E}.Release|Any CPU.Build.0 = Release|Any CPU
		{01C3C5D5-F797-4687-9661-A88B2241A3F2}.Debug|Any CPU.ActiveCfg = Debug|Any CPU
		{01C3C5D5-F797-4687-9661-A88B2241A3F2}.Debug|Any CPU.Build.0 = Debug|Any CPU
		{01C3C5D5-F797-4687-9661-A88B2241A3F2}.Release|Any CPU.ActiveCfg = Release|Any CPU
		{01C3C5D5-F797-4687-9661-A88B2241A3F2}.Release|Any CPU.Build.0 = Release|Any CPU
	EndGlobalSection
	GlobalSection(SolutionProperties) = preSolution
		HideSolutionNode = FALSE
	EndGlobalSection
	GlobalSection(ExtensibilityGlobals) = postSolution
		SolutionGuid = {CE634CFD-7322-4E7B-B140-F0D0889FFF5A}
	EndGlobalSection
EndGlobal
